
Microsoft Visual Studio Solution File, Format Version 11.00
# Visual Studio 2010
Project("{FAE04EC0-301F-11D3-BF4B-00C04F79EFBC}") = "BeCareful2D", "Assembly-CSharp.csproj", "{9EB2ABBB-1077-5DEF-1671-EC2AB3E1E51C}"
EndProject
Project("{FAE04EC0-301F-11D3-BF4B-00C04F79EFBC}") = "BeCareful2D", "Assembly-CSharp-firstpass.csproj", "{A3D5BCC3-BEB1-60D0-768E-00AC06782A25}"
EndProject
Global
	GlobalSection(SolutionConfigurationPlatforms) = preSolution
		Debug|Any CPU = Debug|Any CPU
		Release|Any CPU = Release|Any CPU
	EndGlobalSection
	GlobalSection(ProjectConfigurationPlatforms) = postSolution
		{9EB2ABBB-1077-5DEF-1671-EC2AB3E1E51C}.Debug|Any CPU.ActiveCfg = Debug|Any CPU
		{9EB2ABBB-1077-5DEF-1671-EC2AB3E1E51C}.Debug|Any CPU.Build.0 = Debug|Any CPU
		{9EB2ABBB-1077-5DEF-1671-EC2AB3E1E51C}.Release|Any CPU.ActiveCfg = Release|Any CPU
		{9EB2ABBB-1077-5DEF-1671-EC2AB3E1E51C}.Release|Any CPU.Build.0 = Release|Any CPU
		{A3D5BCC3-BEB1-60D0-768E-00AC06782A25}.Debug|Any CPU.ActiveCfg = Debug|Any CPU
		{A3D5BCC3-BEB1-60D0-768E-00AC06782A25}.Debug|Any CPU.Build.0 = Debug|Any CPU
		{A3D5BCC3-BEB1-60D0-768E-00AC06782A25}.Release|Any CPU.ActiveCfg = Release|Any CPU
		{A3D5BCC3-BEB1-60D0-768E-00AC06782A25}.Release|Any CPU.Build.0 = Release|Any CPU
	EndGlobalSection
	GlobalSection(SolutionProperties) = preSolution
		HideSolutionNode = FALSE
	EndGlobalSection
	GlobalSection(MonoDevelopProperties) = preSolution
		StartupItem = Assembly-CSharp.csproj
	EndGlobalSection
EndGlobal
